
Microsoft Visual Studio Solution File, Format Version 12.00
# Visual Studio Version 16
VisualStudioVersion = 16.0.30503.244
MinimumVisualStudioVersion = 10.0.40219.1
Project("{FAE04EC0-301F-11D3-BF4B-00C04F79EFBC}") = "xay-dung-class-student", "xay-dung-class-student.csproj", "{228694D7-4529-4DB7-9848-C26A9D142483}"
EndProject
Global
	GlobalSection(SolutionConfigurationPlatforms) = preSolution
		Debug|Any CPU = Debug|Any CPU
		Release|Any CPU = Release|Any CPU
	EndGlobalSection
	GlobalSection(ProjectConfigurationPlatforms) = postSolution
		{228694D7-4529-4DB7-9848-C26A9D142483}.Debug|Any CPU.ActiveCfg = Debug|Any CPU
		{228694D7-4529-4DB7-9848-C26A9D142483}.Debug|Any CPU.Build.0 = Debug|Any CPU
		{228694D7-4529-4DB7-9848-C26A9D142483}.Release|Any CPU.ActiveCfg = Release|Any CPU
		{228694D7-4529-4DB7-9848-C26A9D142483}.Release|Any CPU.Build.0 = Release|Any CPU
	EndGlobalSection
	GlobalSection(SolutionProperties) = preSolution
		HideSolutionNode = FALSE
	EndGlobalSection
	GlobalSection(ExtensibilityGlobals) = postSolution
		SolutionGuid = {F8FFB614-4B3E-4F04-BF3B-C9CED988FDA5}
	EndGlobalSection
EndGlobal
